
Microsoft Visual Studio Solution File, Format Version 12.00
# Visual Studio Version 16
VisualStudioVersion = 16.0.33920.266
MinimumVisualStudioVersion = 10.0.40219.1
Project("{F184B08F-C81C-45F6-A57F-5ABD9991F28F}") = "CloudPanel_Pos", "CloudPanel_Pos.vbproj", "{D50A365A-5577-4C8D-890A-951BFD8F505B}"
EndProject
Global
	GlobalSection(SolutionConfigurationPlatforms) = preSolution
		Debug|Any CPU = Debug|Any CPU
		Release|Any CPU = Release|Any CPU
	EndGlobalSection
	GlobalSection(ProjectConfigurationPlatforms) = postSolution
		{D50A365A-5577-4C8D-890A-951BFD8F505B}.Debug|Any CPU.ActiveCfg = Debug|Any CPU
		{D50A365A-5577-4C8D-890A-951BFD8F505B}.Debug|Any CPU.Build.0 = Debug|Any CPU
		{D50A365A-5577-4C8D-890A-951BFD8F505B}.Release|Any CPU.ActiveCfg = Release|Any CPU
		{D50A365A-5577-4C8D-890A-951BFD8F505B}.Release|Any CPU.Build.0 = Release|Any CPU
	EndGlobalSection
	GlobalSection(SolutionProperties) = preSolution
		HideSolutionNode = FALSE
	EndGlobalSection
	GlobalSection(ExtensibilityGlobals) = postSolution
		SolutionGuid = {6A3F9DDB-0AAE-4328-B1ED-2AD0A819BEC1}
	EndGlobalSection
EndGlobal
